
Microsoft Visual Studio Solution File, Format Version 12.00
# Visual Studio Version 17
VisualStudioVersion = 17.6.33723.286
MinimumVisualStudioVersion = 10.0.40219.1
Project("{9A19103F-16F7-4668-BE54-9A1E7A4F7556}") = "Agenda_Console", "Agenda_Console\Agenda_Console.csproj", "{4C19E0DD-2828-4B31-905E-39FDAEC16F53}"
EndProject
Project("{9A19103F-16F7-4668-BE54-9A1E7A4F7556}") = "Agenda_BO", "Agenda_BO\Agenda_BO.csproj", "{42DC1F9B-A9A5-4F4A-B8E9-976416222715}"
EndProject
Project("{9A19103F-16F7-4668-BE54-9A1E7A4F7556}") = "Agenda_Consts", "Agenda_Consts\Agenda_Consts.csproj", "{83ED1B5B-D625-41F0-8143-7516BF61822E}"
EndProject
Project("{9A19103F-16F7-4668-BE54-9A1E7A4F7556}") = "Agenda_BL", "Agenda_BL\Agenda_BL.csproj", "{E0CBCB3A-3417-4607-BAF1-D4A18494AF0D}"
EndProject
Project("{9A19103F-16F7-4668-BE54-9A1E7A4F7556}") = "Agenda_DAL", "Agenda_DAL\Agenda_DAL.csproj", "{4BFFF6A1-F9F2-4A83-8D27-26082A6051DF}"
EndProject
Project("{9A19103F-16F7-4668-BE54-9A1E7A4F7556}") = "SerializeTools", "SerializeTools\SerializeTools.csproj", "{E72B919B-D34A-4490-B4DB-6A043C569A2B}"
EndProject
Project("{9A19103F-16F7-4668-BE54-9A1E7A4F7556}") = "ToolBox", "ToolBox\ToolBox.csproj", "{0B63D7F1-E2B3-411C-9A1C-B46F77ED565D}"
EndProject
Project("{9A19103F-16F7-4668-BE54-9A1E7A4F7556}") = "teste1xml", "teste1xml\teste1xml.csproj", "{0A49D16F-A859-4896-9FE8-B2A42C7616EC}"
EndProject
Project("{9A19103F-16F7-4668-BE54-9A1E7A4F7556}") = "Agenda_WebAPI", "Agenda_WebAPI\Agenda_WebAPI.csproj", "{6C02ED61-D369-4BC4-AE42-8DF127F925BF}"
EndProject
Project("{9A19103F-16F7-4668-BE54-9A1E7A4F7556}") = "Agenda_Models2Api", "Agenda_Models2Api\Agenda_Models2Api.csproj", "{4EC12022-3C6E-4349-8E1A-A6165E0AAA1D}"
EndProject
Project("{9A19103F-16F7-4668-BE54-9A1E7A4F7556}") = "Agenda_Services2Api", "Agenda_Services2Api\Agenda_Services2Api.csproj", "{C3918744-C3B2-4025-B2FB-51BA325A74E8}"
EndProject
Project("{9A19103F-16F7-4668-BE54-9A1E7A4F7556}") = "Agenda_Console2Api", "Agenda_Console2Api\Agenda_Console2Api.csproj", "{4B31B67B-DB59-4C97-9B9A-CE143BC4DFD3}"
EndProject
Project("{9A19103F-16F7-4668-BE54-9A1E7A4F7556}") = "Agenda_DALpg", "Agenda_DALpg\Agenda_DALpg.csproj", "{7FEC2B7E-CE2D-4086-8A3A-9485D66E05DA}"
EndProject
Project("{9A19103F-16F7-4668-BE54-9A1E7A4F7556}") = "Agenda_BLpg", "Agenda_BLpg\Agenda_BLpg.csproj", "{07D299FF-544E-4B4A-9CD7-CA41F6FE47C8}"
EndProject
Project("{FAE04EC0-301F-11D3-BF4B-00C04F79EFBC}") = "Agenda_Configuration", "Agenda_Configuration\Agenda_Configuration.csproj", "{F4DCF836-08FD-4623-BA1E-26945E2796E2}"
EndProject
Project("{9A19103F-16F7-4668-BE54-9A1E7A4F7556}") = "Agenda_Services2Apipg", "Agenda_Services2Apipg\Agenda_Services2Apipg.csproj", "{9E9555A4-28A6-4C11-8431-EB8D3B7BF074}"
EndProject
Project("{9A19103F-16F7-4668-BE54-9A1E7A4F7556}") = "Agenda_WebAPIpg", "Agenda_WebAPIpg\Agenda_WebAPIpg.csproj", "{B5B07C73-769A-4C2C-BA8E-B8E570DFB5CB}"
EndProject
Project("{9A19103F-16F7-4668-BE54-9A1E7A4F7556}") = "Agenda_Consolepg", "Agenda_Consolepg\Agenda_Consolepg.csproj", "{6F8927EC-AED1-4D40-9809-5FFD5A8D0B52}"
EndProject
Project("{9A19103F-16F7-4668-BE54-9A1E7A4F7556}") = "Agenda_BOpg", "Agenda_BOpg\Agenda_BOpg.csproj", "{C53D20BB-AF6F-4648-8744-BC608F3EF8E0}"
EndProject
Global
	GlobalSection(SolutionConfigurationPlatforms) = preSolution
		Debug|Any CPU = Debug|Any CPU
		Release|Any CPU = Release|Any CPU
	EndGlobalSection
	GlobalSection(ProjectConfigurationPlatforms) = postSolution
		{4C19E0DD-2828-4B31-905E-39FDAEC16F53}.Debug|Any CPU.ActiveCfg = Debug|Any CPU
		{4C19E0DD-2828-4B31-905E-39FDAEC16F53}.Debug|Any CPU.Build.0 = Debug|Any CPU
		{4C19E0DD-2828-4B31-905E-39FDAEC16F53}.Release|Any CPU.ActiveCfg = Release|Any CPU
		{4C19E0DD-2828-4B31-905E-39FDAEC16F53}.Release|Any CPU.Build.0 = Release|Any CPU
		{42DC1F9B-A9A5-4F4A-B8E9-976416222715}.Debug|Any CPU.ActiveCfg = Debug|Any CPU
		{42DC1F9B-A9A5-4F4A-B8E9-976416222715}.Debug|Any CPU.Build.0 = Debug|Any CPU
		{42DC1F9B-A9A5-4F4A-B8E9-976416222715}.Release|Any CPU.ActiveCfg = Release|Any CPU
		{42DC1F9B-A9A5-4F4A-B8E9-976416222715}.Release|Any CPU.Build.0 = Release|Any CPU
		{83ED1B5B-D625-41F0-8143-7516BF61822E}.Debug|Any CPU.ActiveCfg = Debug|Any CPU
		{83ED1B5B-D625-41F0-8143-7516BF61822E}.Debug|Any CPU.Build.0 = Debug|Any CPU
		{83ED1B5B-D625-41F0-8143-7516BF61822E}.Release|Any CPU.ActiveCfg = Release|Any CPU
		{83ED1B5B-D625-41F0-8143-7516BF61822E}.Release|Any CPU.Build.0 = Release|Any CPU
		{E0CBCB3A-3417-4607-BAF1-D4A18494AF0D}.Debug|Any CPU.ActiveCfg = Debug|Any CPU
		{E0CBCB3A-3417-4607-BAF1-D4A18494AF0D}.Debug|Any CPU.Build.0 = Debug|Any CPU
		{E0CBCB3A-3417-4607-BAF1-D4A18494AF0D}.Release|Any CPU.ActiveCfg = Release|Any CPU
		{E0CBCB3A-3417-4607-BAF1-D4A18494AF0D}.Release|Any CPU.Build.0 = Release|Any CPU
		{4BFFF6A1-F9F2-4A83-8D27-26082A6051DF}.Debug|Any CPU.ActiveCfg = Debug|Any CPU
		{4BFFF6A1-F9F2-4A83-8D27-26082A6051DF}.Debug|Any CPU.Build.0 = Debug|Any CPU
		{4BFFF6A1-F9F2-4A83-8D27-26082A6051DF}.Release|Any CPU.ActiveCfg = Release|Any CPU
		{4BFFF6A1-F9F2-4A83-8D27-26082A6051DF}.Release|Any CPU.Build.0 = Release|Any CPU
		{E72B919B-D34A-4490-B4DB-6A043C569A2B}.Debug|Any CPU.ActiveCfg = Debug|Any CPU
		{E72B919B-D34A-4490-B4DB-6A043C569A2B}.Debug|Any CPU.Build.0 = Debug|Any CPU
		{E72B919B-D34A-4490-B4DB-6A043C569A2B}.Release|Any CPU.ActiveCfg = Release|Any CPU
		{E72B919B-D34A-4490-B4DB-6A043C569A2B}.Release|Any CPU.Build.0 = Release|Any CPU
		{0B63D7F1-E2B3-411C-9A1C-B46F77ED565D}.Debug|Any CPU.ActiveCfg = Debug|Any CPU
		{0B63D7F1-E2B3-411C-9A1C-B46F77ED565D}.Debug|Any CPU.Build.0 = Debug|Any CPU
		{0B63D7F1-E2B3-411C-9A1C-B46F77ED565D}.Release|Any CPU.ActiveCfg = Release|Any CPU
		{0B63D7F1-E2B3-411C-9A1C-B46F77ED565D}.Release|Any CPU.Build.0 = Release|Any CPU
		{0A49D16F-A859-4896-9FE8-B2A42C7616EC}.Debug|Any CPU.ActiveCfg = Debug|Any CPU
		{0A49D16F-A859-4896-9FE8-B2A42C7616EC}.Debug|Any CPU.Build.0 = Debug|Any CPU
		{0A49D16F-A859-4896-9FE8-B2A42C7616EC}.Release|Any CPU.ActiveCfg = Release|Any CPU
		{0A49D16F-A859-4896-9FE8-B2A42C7616EC}.Release|Any CPU.Build.0 = Release|Any CPU
		{6C02ED61-D369-4BC4-AE42-8DF127F925BF}.Debug|Any CPU.ActiveCfg = Debug|Any CPU
		{6C02ED61-D369-4BC4-AE42-8DF127F925BF}.Debug|Any CPU.Build.0 = Debug|Any CPU
		{6C02ED61-D369-4BC4-AE42-8DF127F925BF}.Release|Any CPU.ActiveCfg = Release|Any CPU
		{6C02ED61-D369-4BC4-AE42-8DF127F925BF}.Release|Any CPU.Build.0 = Release|Any CPU
		{4EC12022-3C6E-4349-8E1A-A6165E0AAA1D}.Debug|Any CPU.ActiveCfg = Debug|Any CPU
		{4EC12022-3C6E-4349-8E1A-A6165E0AAA1D}.Debug|Any CPU.Build.0 = Debug|Any CPU
		{4EC12022-3C6E-4349-8E1A-A6165E0AAA1D}.Release|Any CPU.ActiveCfg = Release|Any CPU
		{4EC12022-3C6E-4349-8E1A-A6165E0AAA1D}.Release|Any CPU.Build.0 = Release|Any CPU
		{C3918744-C3B2-4025-B2FB-51BA325A74E8}.Debug|Any CPU.ActiveCfg = Debug|Any CPU
		{C3918744-C3B2-4025-B2FB-51BA325A74E8}.Debug|Any CPU.Build.0 = Debug|Any CPU
		{C3918744-C3B2-4025-B2FB-51BA325A74E8}.Release|Any CPU.ActiveCfg = Release|Any CPU
		{C3918744-C3B2-4025-B2FB-51BA325A74E8}.Release|Any CPU.Build.0 = Release|Any CPU
		{4B31B67B-DB59-4C97-9B9A-CE143BC4DFD3}.Debug|Any CPU.ActiveCfg = Debug|Any CPU
		{4B31B67B-DB59-4C97-9B9A-CE143BC4DFD3}.Debug|Any CPU.Build.0 = Debug|Any CPU
		{4B31B67B-DB59-4C97-9B9A-CE143BC4DFD3}.Release|Any CPU.ActiveCfg = Release|Any CPU
		{4B31B67B-DB59-4C97-9B9A-CE143BC4DFD3}.Release|Any CPU.Build.0 = Release|Any CPU
		{7FEC2B7E-CE2D-4086-8A3A-9485D66E05DA}.Debug|Any CPU.ActiveCfg = Debug|Any CPU
		{7FEC2B7E-CE2D-4086-8A3A-9485D66E05DA}.Debug|Any CPU.Build.0 = Debug|Any CPU
		{7FEC2B7E-CE2D-4086-8A3A-9485D66E05DA}.Release|Any CPU.ActiveCfg = Release|Any CPU
		{7FEC2B7E-CE2D-4086-8A3A-9485D66E05DA}.Release|Any CPU.Build.0 = Release|Any CPU
		{07D299FF-544E-4B4A-9CD7-CA41F6FE47C8}.Debug|Any CPU.ActiveCfg = Debug|Any CPU
		{07D299FF-544E-4B4A-9CD7-CA41F6FE47C8}.Debug|Any CPU.Build.0 = Debug|Any CPU
		{07D299FF-544E-4B4A-9CD7-CA41F6FE47C8}.Release|Any CPU.ActiveCfg = Release|Any CPU
		{07D299FF-544E-4B4A-9CD7-CA41F6FE47C8}.Release|Any CPU.Build.0 = Release|Any CPU
		{F4DCF836-08FD-4623-BA1E-26945E2796E2}.Debug|Any CPU.ActiveCfg = Debug|Any CPU
		{F4DCF836-08FD-4623-BA1E-26945E2796E2}.Debug|Any CPU.Build.0 = Debug|Any CPU
		{F4DCF836-08FD-4623-BA1E-26945E2796E2}.Release|Any CPU.ActiveCfg = Release|Any CPU
		{F4DCF836-08FD-4623-BA1E-26945E2796E2}.Release|Any CPU.Build.0 = Release|Any CPU
		{9E9555A4-28A6-4C11-8431-EB8D3B7BF074}.Debug|Any CPU.ActiveCfg = Debug|Any CPU
		{9E9555A4-28A6-4C11-8431-EB8D3B7BF074}.Debug|Any CPU.Build.0 = Debug|Any CPU
		{9E9555A4-28A6-4C11-8431-EB8D3B7BF074}.Release|Any CPU.ActiveCfg = Release|Any CPU
		{9E9555A4-28A6-4C11-8431-EB8D3B7BF074}.Release|Any CPU.Build.0 = Release|Any CPU
		{B5B07C73-769A-4C2C-BA8E-B8E570DFB5CB}.Debug|Any CPU.ActiveCfg = Debug|Any CPU
		{B5B07C73-769A-4C2C-BA8E-B8E570DFB5CB}.Debug|Any CPU.Build.0 = Debug|Any CPU
		{B5B07C73-769A-4C2C-BA8E-B8E570DFB5CB}.Release|Any CPU.ActiveCfg = Release|Any CPU
		{B5B07C73-769A-4C2C-BA8E-B8E570DFB5CB}.Release|Any CPU.Build.0 = Release|Any CPU
		{6F8927EC-AED1-4D40-9809-5FFD5A8D0B52}.Debug|Any CPU.ActiveCfg = Debug|Any CPU
		{6F8927EC-AED1-4D40-9809-5FFD5A8D0B52}.Debug|Any CPU.Build.0 = Debug|Any CPU
		{6F8927EC-AED1-4D40-9809-5FFD5A8D0B52}.Release|Any CPU.ActiveCfg = Release|Any CPU
		{6F8927EC-AED1-4D40-9809-5FFD5A8D0B52}.Release|Any CPU.Build.0 = Release|Any CPU
		{C53D20BB-AF6F-4648-8744-BC608F3EF8E0}.Debug|Any CPU.ActiveCfg = Debug|Any CPU
		{C53D20BB-AF6F-4648-8744-BC608F3EF8E0}.Debug|Any CPU.Build.0 = Debug|Any CPU
		{C53D20BB-AF6F-4648-8744-BC608F3EF8E0}.Release|Any CPU.ActiveCfg = Release|Any CPU
		{C53D20BB-AF6F-4648-8744-BC608F3EF8E0}.Release|Any CPU.Build.0 = Release|Any CPU
	EndGlobalSection
	GlobalSection(SolutionProperties) = preSolution
		HideSolutionNode = FALSE
	EndGlobalSection
	GlobalSection(ExtensibilityGlobals) = postSolution
		SolutionGuid = {4888ADB9-6DAE-44A8-B1AA-AC1A13EF522E}
	EndGlobalSection
EndGlobal
