
Microsoft Visual Studio Solution File, Format Version 12.00
Project("{FAE04EC0-301F-11D3-BF4B-00C04F79EFBC}") = "Estudantes.A", "Estudantes.A\Estudantes.A.csproj", "{865DB5C3-534D-41B3-B6F9-1D35B931FC9A}"
EndProject
Project("{FAE04EC0-301F-11D3-BF4B-00C04F79EFBC}") = "Estudantes.B", "Estudantes.B\Estudantes.B.csproj", "{A2D9698D-FAB6-48AF-99E0-C860FB7E8153}"
EndProject
Global
	GlobalSection(SolutionConfigurationPlatforms) = preSolution
		Debug|Any CPU = Debug|Any CPU
		Release|Any CPU = Release|Any CPU
	EndGlobalSection
	GlobalSection(ProjectConfigurationPlatforms) = postSolution
		{4A37C3CB-C075-4DBE-A6CA-636FB7210FA0}.Debug|Any CPU.ActiveCfg = Debug|Any CPU
		{4A37C3CB-C075-4DBE-A6CA-636FB7210FA0}.Debug|Any CPU.Build.0 = Debug|Any CPU
		{4A37C3CB-C075-4DBE-A6CA-636FB7210FA0}.Release|Any CPU.ActiveCfg = Release|Any CPU
		{4A37C3CB-C075-4DBE-A6CA-636FB7210FA0}.Release|Any CPU.Build.0 = Release|Any CPU
		{865DB5C3-534D-41B3-B6F9-1D35B931FC9A}.Debug|Any CPU.ActiveCfg = Debug|Any CPU
		{865DB5C3-534D-41B3-B6F9-1D35B931FC9A}.Debug|Any CPU.Build.0 = Debug|Any CPU
		{865DB5C3-534D-41B3-B6F9-1D35B931FC9A}.Release|Any CPU.ActiveCfg = Release|Any CPU
		{865DB5C3-534D-41B3-B6F9-1D35B931FC9A}.Release|Any CPU.Build.0 = Release|Any CPU
		{A2D9698D-FAB6-48AF-99E0-C860FB7E8153}.Debug|Any CPU.ActiveCfg = Debug|Any CPU
		{A2D9698D-FAB6-48AF-99E0-C860FB7E8153}.Debug|Any CPU.Build.0 = Debug|Any CPU
		{A2D9698D-FAB6-48AF-99E0-C860FB7E8153}.Release|Any CPU.ActiveCfg = Release|Any CPU
		{A2D9698D-FAB6-48AF-99E0-C860FB7E8153}.Release|Any CPU.Build.0 = Release|Any CPU
	EndGlobalSection
EndGlobal
